
Microsoft Visual Studio Solution File, Format Version 12.00
# Visual Studio Version 16
VisualStudioVersion = 16.0.31702.278
MinimumVisualStudioVersion = 10.0.40219.1
Project("{9A19103F-16F7-4668-BE54-9A1E7A4F7556}") = "ReportSystem", "src\ReportSystem.csproj", "{38E0C7D4-8818-41EF-9D00-6F1741A91500}"
EndProject
Project("{9A19103F-16F7-4668-BE54-9A1E7A4F7556}") = "ReportSystem.Tests", "tests\ReportSystem.Tests\ReportSystem.Tests.csproj", "{39FED3A1-16E2-4776-B02A-A9F6A53D45EF}"
EndProject
Global
	GlobalSection(SolutionConfigurationPlatforms) = preSolution
		Debug|Any CPU = Debug|Any CPU
		Release|Any CPU = Release|Any CPU
	EndGlobalSection
	GlobalSection(ProjectConfigurationPlatforms) = postSolution
		{38E0C7D4-8818-41EF-9D00-6F1741A91500}.Debug|Any CPU.ActiveCfg = Debug|Any CPU
		{38E0C7D4-8818-41EF-9D00-6F1741A91500}.Debug|Any CPU.Build.0 = Debug|Any CPU
		{38E0C7D4-8818-41EF-9D00-6F1741A91500}.Release|Any CPU.ActiveCfg = Release|Any CPU
		{38E0C7D4-8818-41EF-9D00-6F1741A91500}.Release|Any CPU.Build.0 = Release|Any CPU
		{39FED3A1-16E2-4776-B02A-A9F6A53D45EF}.Debug|Any CPU.ActiveCfg = Debug|Any CPU
		{39FED3A1-16E2-4776-B02A-A9F6A53D45EF}.Debug|Any CPU.Build.0 = Debug|Any CPU
		{39FED3A1-16E2-4776-B02A-A9F6A53D45EF}.Release|Any CPU.ActiveCfg = Release|Any CPU
		{39FED3A1-16E2-4776-B02A-A9F6A53D45EF}.Release|Any CPU.Build.0 = Release|Any CPU
	EndGlobalSection
	GlobalSection(SolutionProperties) = preSolution
		HideSolutionNode = FALSE
	EndGlobalSection
	GlobalSection(ExtensibilityGlobals) = postSolution
		SolutionGuid = {315E657F-92C7-4097-ADA5-073C302FF2AB}
	EndGlobalSection
EndGlobal
